
Microsoft Visual Studio Solution File, Format Version 12.00
# Visual Studio Version 16
VisualStudioVersion = 16.0.31321.278
MinimumVisualStudioVersion = 10.0.40219.1
Project("{FAE04EC0-301F-11D3-BF4B-00C04F79EFBC}") = "TestWebApp.BLL", "src\TestWebApp.BLL\TestWebApp.BLL.csproj", "{C5821617-BF98-4197-8E93-9CCB42A83F69}"
EndProject
Project("{FAE04EC0-301F-11D3-BF4B-00C04F79EFBC}") = "TestWebApp.DAL", "src\TestWebApp.DAL\TestWebApp.DAL.csproj", "{8A241182-000D-4062-9858-C4ECEB70902E}"
EndProject
Project("{FAE04EC0-301F-11D3-BF4B-00C04F79EFBC}") = "TestWebApp.Common", "src\TestWebApp.Common\TestWebApp.Common.csproj", "{6969635A-416D-479C-B8FA-F7380BFF4CEA}"
EndProject
Project("{FAE04EC0-301F-11D3-BF4B-00C04F79EFBC}") = "TestWebApp.WebAPI", "src\TestWebApp.WebAPI\TestWebApp.WebAPI.csproj", "{C4B7AE5E-37EE-4DAC-9983-984948C107BC}"
EndProject
Global
	GlobalSection(SolutionConfigurationPlatforms) = preSolution
		Debug|Any CPU = Debug|Any CPU
		Release|Any CPU = Release|Any CPU
	EndGlobalSection
	GlobalSection(ProjectConfigurationPlatforms) = postSolution
		{C5821617-BF98-4197-8E93-9CCB42A83F69}.Debug|Any CPU.ActiveCfg = Debug|Any CPU
		{C5821617-BF98-4197-8E93-9CCB42A83F69}.Debug|Any CPU.Build.0 = Debug|Any CPU
		{C5821617-BF98-4197-8E93-9CCB42A83F69}.Release|Any CPU.ActiveCfg = Release|Any CPU
		{C5821617-BF98-4197-8E93-9CCB42A83F69}.Release|Any CPU.Build.0 = Release|Any CPU
		{8A241182-000D-4062-9858-C4ECEB70902E}.Debug|Any CPU.ActiveCfg = Debug|Any CPU
		{8A241182-000D-4062-9858-C4ECEB70902E}.Debug|Any CPU.Build.0 = Debug|Any CPU
		{8A241182-000D-4062-9858-C4ECEB70902E}.Release|Any CPU.ActiveCfg = Release|Any CPU
		{8A241182-000D-4062-9858-C4ECEB70902E}.Release|Any CPU.Build.0 = Release|Any CPU
		{6969635A-416D-479C-B8FA-F7380BFF4CEA}.Debug|Any CPU.ActiveCfg = Debug|Any CPU
		{6969635A-416D-479C-B8FA-F7380BFF4CEA}.Debug|Any CPU.Build.0 = Debug|Any CPU
		{6969635A-416D-479C-B8FA-F7380BFF4CEA}.Release|Any CPU.ActiveCfg = Release|Any CPU
		{6969635A-416D-479C-B8FA-F7380BFF4CEA}.Release|Any CPU.Build.0 = Release|Any CPU
		{C4B7AE5E-37EE-4DAC-9983-984948C107BC}.Debug|Any CPU.ActiveCfg = Debug|Any CPU
		{C4B7AE5E-37EE-4DAC-9983-984948C107BC}.Debug|Any CPU.Build.0 = Debug|Any CPU
		{C4B7AE5E-37EE-4DAC-9983-984948C107BC}.Release|Any CPU.ActiveCfg = Release|Any CPU
		{C4B7AE5E-37EE-4DAC-9983-984948C107BC}.Release|Any CPU.Build.0 = Release|Any CPU
	EndGlobalSection
	GlobalSection(SolutionProperties) = preSolution
		HideSolutionNode = FALSE
	EndGlobalSection
	GlobalSection(ExtensibilityGlobals) = postSolution
		SolutionGuid = {E6D0EE2B-8F92-4710-8F99-5F11F07275EE}
	EndGlobalSection
EndGlobal
