
Microsoft Visual Studio Solution File, Format Version 12.00
# Visual Studio Version 16
VisualStudioVersion = 16.0.31321.278
MinimumVisualStudioVersion = 10.0.40219.1
Project("{9A19103F-16F7-4668-BE54-9A1E7A4F7556}") = "TestWebApp.BLL", "src\TestWebApp.BLL\TestWebApp.BLL.csproj", "{C5821617-BF98-4197-8E93-9CCB42A83F69}"
EndProject
Project("{9A19103F-16F7-4668-BE54-9A1E7A4F7556}") = "TestWebApp.DAL", "src\TestWebApp.DAL\TestWebApp.DAL.csproj", "{8A241182-000D-4062-9858-C4ECEB70902E}"
EndProject
Project("{9A19103F-16F7-4668-BE54-9A1E7A4F7556}") = "TestWebApp.Common", "src\TestWebApp.Common\TestWebApp.Common.csproj", "{6969635A-416D-479C-B8FA-F7380BFF4CEA}"
EndProject
Project("{9A19103F-16F7-4668-BE54-9A1E7A4F7556}") = "TestWebApp.WebAPI", "src\TestWebApp.WebAPI\TestWebApp.WebAPI.csproj", "{C4B7AE5E-37EE-4DAC-9983-984948C107BC}"
EndProject
Project("{9A19103F-16F7-4668-BE54-9A1E7A4F7556}") = "TestWebApp.IntegrationTests", "tests\TestWebApp.IntegrationTests\TestWebApp.IntegrationTests.csproj", "{13F4B785-BE11-414D-B2E8-5DE9AB5FFD1C}"
EndProject
Project("{9A19103F-16F7-4668-BE54-9A1E7A4F7556}") = "TestWebApp.FunctionalTests", "tests\TestWebApp.FunctionalTests\TestWebApp.FunctionalTests.csproj", "{D3DFF355-5183-44AD-A2E2-15BA973B320D}"
EndProject
Project("{2150E333-8FDC-42A3-9474-1A3956D46DE8}") = "src", "src", "{3687E139-0C0A-49F7-B0F1-1B943D927A06}"
EndProject
Project("{2150E333-8FDC-42A3-9474-1A3956D46DE8}") = "tests", "tests", "{396F43DE-F4AB-4A66-A838-0FF92DC1F65E}"
EndProject
Project("{9A19103F-16F7-4668-BE54-9A1E7A4F7556}") = "TestWebApp.UnitTests", "TestWebApp.UnitTests\TestWebApp.UnitTests.csproj", "{DE2B94F5-C7FB-4777-BA89-9203D702D720}"
EndProject
Project("{FAE04EC0-301F-11D3-BF4B-00C04F79EFBC}") = "TestWebApp.ReviewServer", "TestWebApp.ReviewsServer\TestWebApp.ReviewServer.csproj", "{258B5163-E60E-4EA5-8445-2CFF6E16539C}"
EndProject
Global
	GlobalSection(SolutionConfigurationPlatforms) = preSolution
		Debug|Any CPU = Debug|Any CPU
		Release|Any CPU = Release|Any CPU
	EndGlobalSection
	GlobalSection(ProjectConfigurationPlatforms) = postSolution
		{C5821617-BF98-4197-8E93-9CCB42A83F69}.Debug|Any CPU.ActiveCfg = Debug|Any CPU
		{C5821617-BF98-4197-8E93-9CCB42A83F69}.Debug|Any CPU.Build.0 = Debug|Any CPU
		{C5821617-BF98-4197-8E93-9CCB42A83F69}.Release|Any CPU.ActiveCfg = Release|Any CPU
		{C5821617-BF98-4197-8E93-9CCB42A83F69}.Release|Any CPU.Build.0 = Release|Any CPU
		{8A241182-000D-4062-9858-C4ECEB70902E}.Debug|Any CPU.ActiveCfg = Debug|Any CPU
		{8A241182-000D-4062-9858-C4ECEB70902E}.Debug|Any CPU.Build.0 = Debug|Any CPU
		{8A241182-000D-4062-9858-C4ECEB70902E}.Release|Any CPU.ActiveCfg = Release|Any CPU
		{8A241182-000D-4062-9858-C4ECEB70902E}.Release|Any CPU.Build.0 = Release|Any CPU
		{6969635A-416D-479C-B8FA-F7380BFF4CEA}.Debug|Any CPU.ActiveCfg = Debug|Any CPU
		{6969635A-416D-479C-B8FA-F7380BFF4CEA}.Debug|Any CPU.Build.0 = Debug|Any CPU
		{6969635A-416D-479C-B8FA-F7380BFF4CEA}.Release|Any CPU.ActiveCfg = Release|Any CPU
		{6969635A-416D-479C-B8FA-F7380BFF4CEA}.Release|Any CPU.Build.0 = Release|Any CPU
		{C4B7AE5E-37EE-4DAC-9983-984948C107BC}.Debug|Any CPU.ActiveCfg = Debug|Any CPU
		{C4B7AE5E-37EE-4DAC-9983-984948C107BC}.Debug|Any CPU.Build.0 = Debug|Any CPU
		{C4B7AE5E-37EE-4DAC-9983-984948C107BC}.Release|Any CPU.ActiveCfg = Release|Any CPU
		{C4B7AE5E-37EE-4DAC-9983-984948C107BC}.Release|Any CPU.Build.0 = Release|Any CPU
		{13F4B785-BE11-414D-B2E8-5DE9AB5FFD1C}.Debug|Any CPU.ActiveCfg = Debug|Any CPU
		{13F4B785-BE11-414D-B2E8-5DE9AB5FFD1C}.Debug|Any CPU.Build.0 = Debug|Any CPU
		{13F4B785-BE11-414D-B2E8-5DE9AB5FFD1C}.Release|Any CPU.ActiveCfg = Release|Any CPU
		{13F4B785-BE11-414D-B2E8-5DE9AB5FFD1C}.Release|Any CPU.Build.0 = Release|Any CPU
		{D3DFF355-5183-44AD-A2E2-15BA973B320D}.Debug|Any CPU.ActiveCfg = Debug|Any CPU
		{D3DFF355-5183-44AD-A2E2-15BA973B320D}.Debug|Any CPU.Build.0 = Debug|Any CPU
		{D3DFF355-5183-44AD-A2E2-15BA973B320D}.Release|Any CPU.ActiveCfg = Release|Any CPU
		{D3DFF355-5183-44AD-A2E2-15BA973B320D}.Release|Any CPU.Build.0 = Release|Any CPU
		{DE2B94F5-C7FB-4777-BA89-9203D702D720}.Debug|Any CPU.ActiveCfg = Debug|Any CPU
		{DE2B94F5-C7FB-4777-BA89-9203D702D720}.Debug|Any CPU.Build.0 = Debug|Any CPU
		{DE2B94F5-C7FB-4777-BA89-9203D702D720}.Release|Any CPU.ActiveCfg = Release|Any CPU
		{DE2B94F5-C7FB-4777-BA89-9203D702D720}.Release|Any CPU.Build.0 = Release|Any CPU
		{258B5163-E60E-4EA5-8445-2CFF6E16539C}.Debug|Any CPU.ActiveCfg = Debug|Any CPU
		{258B5163-E60E-4EA5-8445-2CFF6E16539C}.Debug|Any CPU.Build.0 = Debug|Any CPU
		{258B5163-E60E-4EA5-8445-2CFF6E16539C}.Release|Any CPU.ActiveCfg = Release|Any CPU
		{258B5163-E60E-4EA5-8445-2CFF6E16539C}.Release|Any CPU.Build.0 = Release|Any CPU
	EndGlobalSection
	GlobalSection(SolutionProperties) = preSolution
		HideSolutionNode = FALSE
	EndGlobalSection
	GlobalSection(NestedProjects) = preSolution
		{C5821617-BF98-4197-8E93-9CCB42A83F69} = {3687E139-0C0A-49F7-B0F1-1B943D927A06}
		{8A241182-000D-4062-9858-C4ECEB70902E} = {3687E139-0C0A-49F7-B0F1-1B943D927A06}
		{6969635A-416D-479C-B8FA-F7380BFF4CEA} = {3687E139-0C0A-49F7-B0F1-1B943D927A06}
		{C4B7AE5E-37EE-4DAC-9983-984948C107BC} = {3687E139-0C0A-49F7-B0F1-1B943D927A06}
		{13F4B785-BE11-414D-B2E8-5DE9AB5FFD1C} = {396F43DE-F4AB-4A66-A838-0FF92DC1F65E}
		{D3DFF355-5183-44AD-A2E2-15BA973B320D} = {396F43DE-F4AB-4A66-A838-0FF92DC1F65E}
		{DE2B94F5-C7FB-4777-BA89-9203D702D720} = {396F43DE-F4AB-4A66-A838-0FF92DC1F65E}
		{258B5163-E60E-4EA5-8445-2CFF6E16539C} = {3687E139-0C0A-49F7-B0F1-1B943D927A06}
	EndGlobalSection
	GlobalSection(ExtensibilityGlobals) = postSolution
		SolutionGuid = {E6D0EE2B-8F92-4710-8F99-5F11F07275EE}
	EndGlobalSection
EndGlobal
